
Microsoft Visual Studio Solution File, Format Version 12.00
# Visual Studio 15
VisualStudioVersion = 15.0.27130.2036
MinimumVisualStudioVersion = 10.0.40219.1
Project("{FAE04EC0-301F-11D3-BF4B-00C04F79EFBC}") = "Lesson1_Task1", "Lesson1_Task1\Lesson1_Task1.csproj", "{A701FFE7-8915-44DB-94C7-F08D1C1B009F}"
EndProject
Project("{FAE04EC0-301F-11D3-BF4B-00C04F79EFBC}") = "Lesson1_Task2", "Lesson1_Task2\Lesson1_Task2.csproj", "{D60A82BA-4418-4F41-8754-3433E56FDC9D}"
EndProject
Project("{FAE04EC0-301F-11D3-BF4B-00C04F79EFBC}") = "Lesson2_Task1", "Lesson2_Task1\Lesson2_Task1.csproj", "{A25DC2A2-C39A-4F7C-BC81-0C6E7F7140AA}"
EndProject
Project("{FAE04EC0-301F-11D3-BF4B-00C04F79EFBC}") = "Lesson2_Task2", "Lesson2_Task2\Lesson2_Task2.csproj", "{6F6B78CD-867A-43D5-9E50-6DA591BAF841}"
EndProject
Project("{FAE04EC0-301F-11D3-BF4B-00C04F79EFBC}") = "Lesson3_Task1", "Lesson3_Task1\Lesson3_Task1.csproj", "{B4846448-CC72-4573-9B20-16FB1251B1E7}"
EndProject
Project("{FAE04EC0-301F-11D3-BF4B-00C04F79EFBC}") = "Lesson4_Task1", "Lesson4_Task1\Lesson4_Task1.csproj", "{9B3FD6D5-5866-4758-9C21-A62EAE30A364}"
EndProject
Project("{FAE04EC0-301F-11D3-BF4B-00C04F79EFBC}") = "Lesson4_Task2", "Lesson4_Task2\Lesson4_Task2.csproj", "{F3093AC0-F35C-4551-BB7A-3FEE77F3F98C}"
EndProject
Project("{FAE04EC0-301F-11D3-BF4B-00C04F79EFBC}") = "Lesson5_Task2", "Lesson5_Task2\Lesson5_Task2.csproj", "{D4D60489-E27F-4CFC-A889-7205DCB01E82}"
EndProject
Project("{FAE04EC0-301F-11D3-BF4B-00C04F79EFBC}") = "Lesson5_Task1", "Lesson5_Task1\Lesson5_Task1.csproj", "{9CB305E4-7BA4-483E-864E-86C9866B2BB0}"
EndProject
Project("{FAE04EC0-301F-11D3-BF4B-00C04F79EFBC}") = "Lesson6_Task1", "Lesson6_Task1\Lesson6_Task1.csproj", "{DBAFE26B-F376-4BAB-9AE1-467986E2D6BA}"
EndProject
Global
	GlobalSection(SolutionConfigurationPlatforms) = preSolution
		Debug|Any CPU = Debug|Any CPU
		Release|Any CPU = Release|Any CPU
	EndGlobalSection
	GlobalSection(ProjectConfigurationPlatforms) = postSolution
		{A701FFE7-8915-44DB-94C7-F08D1C1B009F}.Debug|Any CPU.ActiveCfg = Debug|Any CPU
		{A701FFE7-8915-44DB-94C7-F08D1C1B009F}.Debug|Any CPU.Build.0 = Debug|Any CPU
		{A701FFE7-8915-44DB-94C7-F08D1C1B009F}.Release|Any CPU.ActiveCfg = Release|Any CPU
		{A701FFE7-8915-44DB-94C7-F08D1C1B009F}.Release|Any CPU.Build.0 = Release|Any CPU
		{D60A82BA-4418-4F41-8754-3433E56FDC9D}.Debug|Any CPU.ActiveCfg = Debug|Any CPU
		{D60A82BA-4418-4F41-8754-3433E56FDC9D}.Debug|Any CPU.Build.0 = Debug|Any CPU
		{D60A82BA-4418-4F41-8754-3433E56FDC9D}.Release|Any CPU.ActiveCfg = Release|Any CPU
		{D60A82BA-4418-4F41-8754-3433E56FDC9D}.Release|Any CPU.Build.0 = Release|Any CPU
		{A25DC2A2-C39A-4F7C-BC81-0C6E7F7140AA}.Debug|Any CPU.ActiveCfg = Debug|Any CPU
		{A25DC2A2-C39A-4F7C-BC81-0C6E7F7140AA}.Debug|Any CPU.Build.0 = Debug|Any CPU
		{A25DC2A2-C39A-4F7C-BC81-0C6E7F7140AA}.Release|Any CPU.ActiveCfg = Release|Any CPU
		{A25DC2A2-C39A-4F7C-BC81-0C6E7F7140AA}.Release|Any CPU.Build.0 = Release|Any CPU
		{6F6B78CD-867A-43D5-9E50-6DA591BAF841}.Debug|Any CPU.ActiveCfg = Debug|Any CPU
		{6F6B78CD-867A-43D5-9E50-6DA591BAF841}.Debug|Any CPU.Build.0 = Debug|Any CPU
		{6F6B78CD-867A-43D5-9E50-6DA591BAF841}.Release|Any CPU.ActiveCfg = Release|Any CPU
		{6F6B78CD-867A-43D5-9E50-6DA591BAF841}.Release|Any CPU.Build.0 = Release|Any CPU
		{B4846448-CC72-4573-9B20-16FB1251B1E7}.Debug|Any CPU.ActiveCfg = Debug|Any CPU
		{B4846448-CC72-4573-9B20-16FB1251B1E7}.Debug|Any CPU.Build.0 = Debug|Any CPU
		{B4846448-CC72-4573-9B20-16FB1251B1E7}.Release|Any CPU.ActiveCfg = Release|Any CPU
		{B4846448-CC72-4573-9B20-16FB1251B1E7}.Release|Any CPU.Build.0 = Release|Any CPU
		{9B3FD6D5-5866-4758-9C21-A62EAE30A364}.Debug|Any CPU.ActiveCfg = Debug|Any CPU
		{9B3FD6D5-5866-4758-9C21-A62EAE30A364}.Debug|Any CPU.Build.0 = Debug|Any CPU
		{9B3FD6D5-5866-4758-9C21-A62EAE30A364}.Release|Any CPU.ActiveCfg = Release|Any CPU
		{9B3FD6D5-5866-4758-9C21-A62EAE30A364}.Release|Any CPU.Build.0 = Release|Any CPU
		{F3093AC0-F35C-4551-BB7A-3FEE77F3F98C}.Debug|Any CPU.ActiveCfg = Debug|Any CPU
		{F3093AC0-F35C-4551-BB7A-3FEE77F3F98C}.Debug|Any CPU.Build.0 = Debug|Any CPU
		{F3093AC0-F35C-4551-BB7A-3FEE77F3F98C}.Release|Any CPU.ActiveCfg = Release|Any CPU
		{F3093AC0-F35C-4551-BB7A-3FEE77F3F98C}.Release|Any CPU.Build.0 = Release|Any CPU
		{D4D60489-E27F-4CFC-A889-7205DCB01E82}.Debug|Any CPU.ActiveCfg = Debug|Any CPU
		{D4D60489-E27F-4CFC-A889-7205DCB01E82}.Debug|Any CPU.Build.0 = Debug|Any CPU
		{D4D60489-E27F-4CFC-A889-7205DCB01E82}.Release|Any CPU.ActiveCfg = Release|Any CPU
		{D4D60489-E27F-4CFC-A889-7205DCB01E82}.Release|Any CPU.Build.0 = Release|Any CPU
		{9CB305E4-7BA4-483E-864E-86C9866B2BB0}.Debug|Any CPU.ActiveCfg = Debug|Any CPU
		{9CB305E4-7BA4-483E-864E-86C9866B2BB0}.Debug|Any CPU.Build.0 = Debug|Any CPU
		{9CB305E4-7BA4-483E-864E-86C9866B2BB0}.Release|Any CPU.ActiveCfg = Release|Any CPU
		{9CB305E4-7BA4-483E-864E-86C9866B2BB0}.Release|Any CPU.Build.0 = Release|Any CPU
		{DBAFE26B-F376-4BAB-9AE1-467986E2D6BA}.Debug|Any CPU.ActiveCfg = Debug|Any CPU
		{DBAFE26B-F376-4BAB-9AE1-467986E2D6BA}.Debug|Any CPU.Build.0 = Debug|Any CPU
		{DBAFE26B-F376-4BAB-9AE1-467986E2D6BA}.Release|Any CPU.ActiveCfg = Release|Any CPU
		{DBAFE26B-F376-4BAB-9AE1-467986E2D6BA}.Release|Any CPU.Build.0 = Release|Any CPU
	EndGlobalSection
	GlobalSection(SolutionProperties) = preSolution
		HideSolutionNode = FALSE
	EndGlobalSection
	GlobalSection(ExtensibilityGlobals) = postSolution
		SolutionGuid = {0F84A47D-E168-4F0B-ABA7-A7F0DE54CBB3}
	EndGlobalSection
EndGlobal
